
Microsoft Visual Studio Solution File, Format Version 12.00
# Visual Studio 15
VisualStudioVersion = 15.0.28306.52
MinimumVisualStudioVersion = 10.0.40219.1
Project("{A0786B88-2ADB-4C21-ABE8-AA2D79766269}") = "icepoint", "icepoint.phpproj", "{3B285C78-3C64-4128-AEB7-FAD6E6A23DE0}"
EndProject
Global
	GlobalSection(SolutionConfigurationPlatforms) = preSolution
		Debug|Any CPU = Debug|Any CPU
		Release|Any CPU = Release|Any CPU
	EndGlobalSection
	GlobalSection(ProjectConfigurationPlatforms) = postSolution
		{3B285C78-3C64-4128-AEB7-FAD6E6A23DE0}.Debug|Any CPU.ActiveCfg = Debug|Any CPU
		{3B285C78-3C64-4128-AEB7-FAD6E6A23DE0}.Release|Any CPU.ActiveCfg = Release|Any CPU
	EndGlobalSection
	GlobalSection(SolutionProperties) = preSolution
		HideSolutionNode = FALSE
	EndGlobalSection
	GlobalSection(ExtensibilityGlobals) = postSolution
		SolutionGuid = {A3F8E0A3-12DF-4E21-91C8-44A110D9BCCD}
	EndGlobalSection
EndGlobal
